---
lockfileVersion: '9.0'

importers:

  .:
    configDependencies: {}
    packageManagerDependencies:
      pnpm:
        specifier: 12.4.2
        version: 12.4.2

packages:

  '@pnpm/exe.android-arm64@12.4.2':
    resolution: {integrity: sha512-E255MbcQ0V1577M2BV0ajWuP7KmTPYA0jqZnk3rK6Lq3kTvZWulMMb7iqRmnLsQbyWTkMEB2CfyM70loVDA8xg==}
    cpu: [arm64]
    os: [android]

  '@pnpm/exe.android-x64@12.4.2':
    resolution: {integrity: sha512-J1pSeCUwuKxMG70ZzpWn8JzElxiEa8NN/3N0SlZRtU2xbztChaJCKF3HaBNIj9yPfeofWzJo/lwNvDDjraQuZw==}
    cpu: [x64]
    os: [android]

  '@pnpm/exe.darwin-arm64@12.4.2':
    resolution: {integrity: sha512-A0WDo8iErfZBXgrLseQxw8i8Y9ctUpOEl/Uu+cubnTzpD8tT9ykIB548L8YTM2WD4OS+ZOHSxy8aGZcvKq8PaQ==}
    cpu: [arm64]
    os: [darwin]

  '@pnpm/exe.darwin-x64@12.4.2':
    resolution: {integrity: sha512-MSgJdovBWHcb5DEOvfPH9yNi/T5O1Xa4ess+E1ESGo/5yuty7S4JoiIjami+fsNXfnoQMlwsMUqYU4zAvBcNCw==}
    cpu: [x64]
    os: [darwin]

  '@pnpm/exe.freebsd-x64@12.4.2':
    resolution: {integrity: sha512-h2YumlQSNvgbRPv+RXwABohX65f9bOBZn+jMIt7bFDISZPCzQ+Nvpt6Awbp4ip5PwQgYxbu5iREJ1fHE39Fm8A==}
    cpu: [x64]
    os: [freebsd]

  '@pnpm/exe.linux-arm64-musl@12.4.2':
    resolution: {integrity: sha512-LwSEtSEDTv6S51YLs3YvSkPyun/QmfMic1UGICUkPWFu6ByP43RdMlkKvmVkfGhAYCpnxO057vrmyJqtfZrPCA==}
    cpu: [arm64]
    os: [linux]
    libc: [musl]

  '@pnpm/exe.linux-arm64@12.4.2':
    resolution: {integrity: sha512-2dSiDXyhx+RTHsewxex8f/jVjqQXWJ2oow4kCVHEWdZKeBpgMxvZ6fHkTAUBJXgqhbKIDHvuNlZBP7gJfUWL5A==}
    cpu: [arm64]
    os: [linux]
    libc: [glibc]

  '@pnpm/exe.linux-ppc64@12.4.2':
    resolution: {integrity: sha512-8Itc+jQk+MTz04LS9D1RcH+VctAWmzM4l1cJQ+Sx7pAJNo7EKHdRMbC0Tok1jyQ7eEHNJZD5EleYneZqWfZM+g==}
    cpu: [ppc64]
    os: [linux]
    libc: [glibc]

  '@pnpm/exe.linux-riscv64@12.4.2':
    resolution: {integrity: sha512-hleOeqhTVpH+z9RVMGnxvU4ZnrkBUClWjCbHD9u6kwyqhGSpevoU1wTGish+CBRhmIgMAy9pAfFpqhbAKOKNfw==}
    cpu: [riscv64]
    os: [linux]
    libc: [glibc]

  '@pnpm/exe.linux-s390x@12.4.2':
    resolution: {integrity: sha512-LAsQRRdP9aToENR6dtcIJ9l+e1zMYOX0tQcLGpRyLPVBQcYRLlvAPcmDshsiIHQjp05SDa9FI0czX1ZQ1a7a/A==}
    cpu: [s390x]
    os: [linux]
    libc: [glibc]

  '@pnpm/exe.linux-x64-musl@12.4.2':
    resolution: {integrity: sha512-kzfzH2/0BWdTABK14Yj5a1xsdkTEQUp2eXEPNakaD9jKL025lq3hyaKHIz/gIZaPDMe/1bFFK/En4ztFlbBJxw==}
    cpu: [x64]
    os: [linux]
    libc: [musl]

  '@pnpm/exe.linux-x64@12.4.2':
    resolution: {integrity: sha512-/pbt0UVTa8NMDhzOWLQRfZ6G9ROKXlJPZtx845BqyWfc7hCrWXhTLBd70yO2y8+E+IWN3oHM1s/JsIQNGk1yvg==}
    cpu: [x64]
    os: [linux]
    libc: [glibc]

  '@pnpm/exe.win32-arm64@12.4.2':
    resolution: {integrity: sha512-PsW19e4dAUNpZ0cS9flaxFuAmpt2dKlH/Vvi8TZ4qyJjjQzue/CEsWm+6wKVP4CJ7IT8RdL4qh+soOPWIgF2Zw==}
    cpu: [arm64]
    os: [win32]

  '@pnpm/exe.win32-x64@12.4.2':
    resolution: {integrity: sha512-+xGoeE0g55ztWvl8i5QqdmNfW3nIrTVcoQrNshEOwxthm9Ag48oXton3uxOA3/SANyz5AXexEjj2KO20NnOrEw==}
    cpu: [x64]
    os: [win32]

  pnpm@12.4.2:
    resolution: {integrity: sha512-CK3GYTGAJ1x8ntraOdzwjJxhrU5+rzMKTzRh8QKw+QdCNFTRF/mOctR/7wYWBwZE17/8lzpqV/UJCm18NosHyQ==}
    engines: {node: '>=18.*'}
    hasBin: true

snapshots:

  '@pnpm/exe.android-arm64@12.4.2':
    optional: true

  '@pnpm/exe.android-x64@12.4.2':
    optional: true

  '@pnpm/exe.darwin-arm64@12.4.2':
    optional: true

  '@pnpm/exe.darwin-x64@12.4.2':
    optional: true

  '@pnpm/exe.freebsd-x64@12.4.2':
    optional: true

  '@pnpm/exe.linux-arm64-musl@12.4.2':
    optional: true

  '@pnpm/exe.linux-arm64@12.4.2':
    optional: true

  '@pnpm/exe.linux-ppc64@12.4.2':
    optional: true

  '@pnpm/exe.linux-riscv64@12.4.2':
    optional: true

  '@pnpm/exe.linux-s390x@12.4.2':
    optional: true

  '@pnpm/exe.linux-x64-musl@12.4.2':
    optional: true

  '@pnpm/exe.linux-x64@12.4.2':
    optional: true

  '@pnpm/exe.win32-arm64@12.4.2':
    optional: true

  '@pnpm/exe.win32-x64@12.4.2':
    optional: true

  pnpm@12.4.2:
    optionalDependencies:
      '@pnpm/exe.android-arm64': 12.4.2
      '@pnpm/exe.android-x64': 12.4.2
      '@pnpm/exe.darwin-arm64': 12.4.2
      '@pnpm/exe.darwin-x64': 12.4.2
      '@pnpm/exe.freebsd-x64': 12.4.2
      '@pnpm/exe.linux-arm64': 12.4.2
      '@pnpm/exe.linux-arm64-musl': 12.4.2
      '@pnpm/exe.linux-ppc64': 12.4.2
      '@pnpm/exe.linux-riscv64': 12.4.2
      '@pnpm/exe.linux-s390x': 12.4.2
      '@pnpm/exe.linux-x64': 12.4.2
      '@pnpm/exe.linux-x64-musl': 12.4.2
      '@pnpm/exe.win32-arm64': 12.4.2
      '@pnpm/exe.win32-x64': 12.4.2

---
lockfileVersion: '9.0'

settings:
  autoInstallPeers: true
  excludeLinksFromLockfile: false

importers:

  .:
    devDependencies:
      prettier:
        specifier: 3.6.2
        version: 3.6.2
      turbo:
        specifier: 2.11.2
        version: 2.11.2
      typescript:
        specifier: 5.9.2
        version: 5.9.2

  apps/print-agent:
    dependencies:
      '@djelis-print/contracts':
        specifier: workspace:*
        version: link:../../packages/contracts
    devDependencies:
      '@types/node':
        specifier: 24.5.2
        version: 24.5.2
      electron:
        specifier: 44.4.3
        version: 44.4.3
      typescript:
        specifier: 5.9.2
        version: 5.9.2

  apps/web:
    dependencies:
      '@djelis-print/contracts':
        specifier: workspace:*
        version: link:../../packages/contracts
      '@supabase/ssr':
        specifier: 0.7.0
        version: 0.7.0(@supabase/supabase-js@2.57.4)
      '@supabase/supabase-js':
        specifier: 2.57.4
        version: 2.57.4
      next:
        specifier: 16.3.3
        version: 16.3.3(@types/node@24.5.2)(react-dom@19.3.0(react@19.3.0))(react@19.3.0)
      pdf-lib:
        specifier: 1.17.1
        version: 1.17.1
      qrcode:
        specifier: 1.5.4
        version: 1.5.4
      react:
        specifier: 19.3.0
        version: 19.3.0
      react-dom:
        specifier: 19.3.0
        version: 19.3.0(react@19.3.0)
      tus-js-client:
        specifier: 4.3.1
        version: 4.3.1
    devDependencies:
      '@types/node':
        specifier: 24.5.2
        version: 24.5.2
      '@types/qrcode':
        specifier: 1.5.5
        version: 1.5.5
      '@types/react':
        specifier: 19.1.16
        version: 19.1.16
      '@types/react-dom':
        specifier: 19.1.9
        version: 19.1.9(@types/react@19.1.16)
      typescript:
        specifier: 5.9.2
        version: 5.9.2

  packages/contracts:
    devDependencies:
      typescript:
        specifier: 5.9.2
        version: 5.9.2

packages:

  '@electron-internal/extract-zip@1.0.5':
    resolution: {integrity: sha512-+bqFCP98pLI0Tt0XQo1TmlXtwjWchISndDOxCkEcIuUgXWpBnLyRI+2DU+mesvnMMX6L1XDqYNA0lXNDHd/yiA==}
    engines: {node: '>=22.12.0'}

  '@electron/get@5.1.0':
    resolution: {integrity: sha512-3kSBtG8ObcTVfXanm5vVJ6UnBLEVmVsRk1M+vGqCuMBV+XLCbJYuWQful+yIy0GQDsSlK0kHEriEHn7SPk4EnA==}
    engines: {node: '>=22.12.0'}

  '@emnapi/runtime@1.11.3':
    resolution: {integrity: sha512-Xz4Tpyki7XyrpbUK1jR1AhdAdaXyhhY4lZ3neLodmhpuWfy2PAQN5B46sAiU4liOXGLkHypn/qU+jvfWSCYYLA==}

  '@img/colour@1.1.0':
    resolution: {integrity: sha512-Td76q7j57o/tLVdgS746cYARfSyxk8iEfRxewL9h4OMzYhbW4TAcppl0mT4eyqXddh6L/jwoM75mo7ixa/pCeQ==}
    engines: {node: '>=18'}

  '@img/sharp-darwin-arm64@0.35.4':
    resolution: {integrity: sha512-Uhfl4V4lhP2nbUVF9+hyH1+luj86f1gUFeo8ALYxFoULoU+G87D43BfeMP8XHsk9boxAnCY/bf2EHwhA7MuGsA==}
    engines: {node: '>=20.9.0'}
    cpu: [arm64]
    os: [darwin]

  '@img/sharp-darwin-x64@0.35.4':
    resolution: {integrity: sha512-hWniXY3bG5qKpkKrAwPe4y+VTPmf086YQAnkxWh7uA1YrlRouWGa0M0Mxj3ZjnXFkv7/TD1bTy9lGUK26vRvWw==}
    engines: {node: '>=20.9.0'}
    cpu: [x64]
    os: [darwin]

  '@img/sharp-freebsd-wasm32@0.35.4':
    resolution: {integrity: sha512-lIsKw/BU+kjB4eZjxrYrZmwOJYi3Ajrv66iAlBmUPyKc3HpnloevB1g3wxGD9P/5BbQ1brBGl65VRRrCvQDEqA==}
    engines: {node: '>=20.9.0'}
    os: [freebsd]

  '@img/sharp-libvips-darwin-arm64@1.3.3':
    resolution: {integrity: sha512-suTBPTDGrI9WodccaDdwZItTSaBYASlBk1NSfElSHrUfzu3szG6lvIF58+WiFvnfzuK8ZBFS5zE00PxqxnRiPg==}
    cpu: [arm64]
    os: [darwin]

  '@img/sharp-libvips-darwin-x64@1.3.3':
    resolution: {integrity: sha512-FVJZ5mITMobmXIz/hPDTw0EintTW5H3WfrxwLqEqjiIihlu+hVRyGrFQ60xl0Lxn7Bt3zdpevPaQi0HEzqz9fw==}
    cpu: [x64]
    os: [darwin]

  '@img/sharp-libvips-linux-arm64@1.3.3':
    resolution: {integrity: sha512-0DaL0A6Xu6sQSQFwe4iVCrKWU2cCTItnRsYsCdxAMm9NF6twAA9BKnoqy4hqz4+azQ0JHuA26qiUKsf1XJ/v5A==}
    cpu: [arm64]
    os: [linux]
    libc: [glibc]

  '@img/sharp-libvips-linux-arm@1.3.3':
    resolution: {integrity: sha512-3rbU4vqXXc3hY/OiXdl52xZvT0F1yEngWfvqudtPJg/KkyiaQw2DRsFrNzpmLvfavbwOq3qXn36GP8obHRULQA==}
    cpu: [arm]
    os: [linux]
    libc: [glibc]

  '@img/sharp-libvips-linux-ppc64@1.3.3':
    resolution: {integrity: sha512-cdn1OvUBwsXhbC0zSzJnNzf5MZ/mTrobawDvNXBTxe8VtqKAm0sRuEY2Evzovb/w9JMk4TvRxqt1mekSuJz64w==}
    cpu: [ppc64]
    os: [linux]
    libc: [glibc]

  '@img/sharp-libvips-linux-riscv64@1.3.3':
    resolution: {integrity: sha512-HjPVx7yKz+0lqdhDlTw1tt90wamBoxhiXpvl1XZpJLiHH4RCJ5yDTqH+VlYPv2fwFs89JFw4c1IexYOcQUi4IQ==}
    cpu: [riscv64]
    os: [linux]
    libc: [glibc]

  '@img/sharp-libvips-linux-s390x@1.3.3':
    resolution: {integrity: sha512-neWLh+3yCNThxnfy3c4BbVBeGgt9aftno+XbT56iK28RgeDs3UOFWviLWlUu0bArYVYJaFDK+RRohbicUNCm8Q==}
    cpu: [s390x]
    os: [linux]
    libc: [glibc]

  '@img/sharp-libvips-linux-x64@1.3.3':
    resolution: {integrity: sha512-4vKmvAst9nrowcqquKFAyZJUDolUaIp8uRiN0mWFguJ1IplC9/pitXtlnnlU4aa/eJw3J7i67V+pwUL+wZGdsA==}
    cpu: [x64]
    os: [linux]
    libc: [glibc]

  '@img/sharp-libvips-linuxmusl-arm64@1.3.3':
    resolution: {integrity: sha512-Y9kQaLMuNoB0bPYOOdcZMaseNrFpPodIWWMrx+CZyydf2xn68j9WYc6sWWRrDwNkzCQjKYfc68L7jKjGlHMibw==}
    cpu: [arm64]
    os: [linux]
    libc: [musl]

  '@img/sharp-libvips-linuxmusl-x64@1.3.3':
    resolution: {integrity: sha512-fj8Mv0HHfD1Rr+4I68+3agJynxDWtBFgicTbSOb9Bke6pIwzGcJ+RX/yHjmiEGFMCavY/dxvem7MyNaJF+wDiw==}
    cpu: [x64]
    os: [linux]
    libc: [musl]

  '@img/sharp-linux-arm64@0.35.4':
    resolution: {integrity: sha512-De4jpEnAU8Hd5oT0j1G3uL4ZvTuipVMn7YC6vPaJhy6/7EwEae0SVAoBrUMYQbkLGDm85taVWwuPc1a44LTzCQ==}
    engines: {node: '>=20.9.0'}
    cpu: [arm64]
    os: [linux]
    libc: [glibc]

  '@img/sharp-linux-arm@0.35.4':
    resolution: {integrity: sha512-7OAS8gI0EReKGVN2HssHlM6umJgxF5VI3xN0p9FA91p/YO+ou5hiNghLdZ5BEHztwaaK5+bLKRf8x/o2L2nk9A==}
    engines: {node: '>=20.9.0'}
    cpu: [arm]
    os: [linux]
    libc: [glibc]

  '@img/sharp-linux-ppc64@0.35.4':
    resolution: {integrity: sha512-2oYZJeIl4kCcMGk4ouZVjnkCtFrpQFlNEtJ6GbxzhHQchwH0NH/qEb9ykmOl29dqwMq+JhFdZn+1ak2FKhI9fQ==}
    engines: {node: '>=20.9.0'}
    cpu: [ppc64]
    os: [linux]
    libc: [glibc]

  '@img/sharp-linux-riscv64@0.35.4':
    resolution: {integrity: sha512-cPbNChoRURAWdebDIHSenxRpgEdy7JkPydSnUxRm9VvKD7m0/xVaR/8Fzlu81pk5nHEvHH87UZUA7cTtwnbJSA==}
    engines: {node: '>=20.9.0'}
    cpu: [riscv64]
    os: [linux]
    libc: [glibc]

  '@img/sharp-linux-s390x@0.35.4':
    resolution: {integrity: sha512-RY0JFY8Fd6RonCBtHz+DvadaPkXDSI1AUn6yWL9TipqkZ1vY8w8evqdgyDFnkm4/K1ve1TvZiaePP5oSd4+WVQ==}
    engines: {node: '>=20.9.0'}
    cpu: [s390x]
    os: [linux]
    libc: [glibc]

  '@img/sharp-linux-x64@0.35.4':
    resolution: {integrity: sha512-9qvvEAuk8k89TfWUoX2htWjbAMX8p+NxCppjpcg5k6xMsjhBQPTsoIh36h9Qde4WRuGpJeYnOjdosDn/cnv+OA==}
    engines: {node: '>=20.9.0'}
    cpu: [x64]
    os: [linux]
    libc: [glibc]

  '@img/sharp-linuxmusl-arm64@0.35.4':
    resolution: {integrity: sha512-KB5jxpfWQTr0nc3xdHtWChdbifHrBGsd2SM62Eyxrl8afikm+f5qGBU75SJIZBT/S1MC8XyacdlXBMSWq6OURA==}
    engines: {node: '>=20.9.0'}
    cpu: [arm64]
    os: [linux]
    libc: [musl]

  '@img/sharp-linuxmusl-x64@0.35.4':
    resolution: {integrity: sha512-f+eZJZIQNEEd26RPSW+76chwOf1XtA2Y/O+5ocVyLliHkeih3e+jhLVBdNTd2rS3IbNXK8+ug93Vf5ZXtF5Lxg==}
    engines: {node: '>=20.9.0'}
    cpu: [x64]
    os: [linux]
    libc: [musl]

  '@img/sharp-wasm32@0.35.4':
    resolution: {integrity: sha512-zQnl4Kwp7Q6NHsENtU2T/00Zi+w3AQNwz3+UaTyVBy2FpXrzXzGjndpK61onhZjRtRpQXxCTeqw19bVyXOh7jA==}
    engines: {node: '>=20.9.0'}

  '@img/sharp-webcontainers-wasm32@0.35.4':
    resolution: {integrity: sha512-ESfNkywmCfPNyaZjxooddJQiQ+l/nTpGEOGthxiLnIHXC/CmcBixnfwUleX9mCz9ovrUUvKMap/pm8RYbzfwaA==}
    engines: {node: '>=20.9.0'}
    cpu: [wasm32]

  '@img/sharp-win32-arm64@0.35.4':
    resolution: {integrity: sha512-iNdlBX9gLVvqe2I3uIJSIKTq6wckP/DYxZtcqxm09x5Gi24DnFBmPAWZmr60ZyYMG0xlzo6goG3670ar+RXvRw==}
    engines: {node: '>=20.9.0'}
    cpu: [arm64]
    os: [win32]

  '@img/sharp-win32-ia32@0.35.4':
    resolution: {integrity: sha512-kqRsbaa5CS6KHlpxnN7WhE6vAAugXyZButpRdvDWetlv6Qv4N9WTcrWzF7tXfB9T7MsoadqdI8hmwLq6UlLvtw==}
    engines: {node: ^20.9.0}
    cpu: [ia32]
    os: [win32]

  '@img/sharp-win32-x64@0.35.4':
    resolution: {integrity: sha512-XtmnYhBcrORsJ4XJngyzr/EWP0hRZLAZRFaApdKuviyqF78+ylxh2y06ZmtULAMOnObJ3ucpN0AcwSWnMowTRg==}
    engines: {node: '>=20.9.0'}
    cpu: [x64]
    os: [win32]

  '@next/env@16.3.3':
    resolution: {integrity: sha512-U2eYQRwXj+dsqxV79zFqExDdatnNY/ZWc2nsJU1p/OgT7fd3dXwlF6OjYaFQCfMoeTA19PWq+wVmYgimVA+V+g==}

  '@next/swc-darwin-arm64@16.3.3':
    resolution: {integrity: sha512-8Hiv32QJPwdV6KYJ8meR9SBA061tQqnIKTJDocvOXlEQqib0xMFpzArosuffFUUc0sslbh7QQ8a3Yey1QV8EIw==}
    engines: {node: '>= 10'}
    cpu: [arm64]
    os: [darwin]

  '@next/swc-darwin-x64@16.3.3':
    resolution: {integrity: sha512-A1lgKgwVchRYmSe467zdwhxT9040dd8lH+o65sL5Jet8fjB4kegw/rDyPIpYVRb6jAqwXFOJpjIXJLxQKLiE3A==}
    engines: {node: '>= 10'}
    cpu: [x64]
    os: [darwin]

  '@next/swc-linux-arm64-gnu@16.3.3':
    resolution: {integrity: sha512-bf0FIssMFueU2dm7vQEWWxk0c8UjKTdW0yzuh0sQsD8pf1+KCLDdaqhYZNMYGmXwEOiHAUzgBKudovIlcvvBjg==}
    engines: {node: '>= 10'}
    cpu: [arm64]
    os: [linux]
    libc: [glibc]

  '@next/swc-linux-arm64-musl@16.3.3':
    resolution: {integrity: sha512-W7viwCk9JY/cAkdz/A273rd5bb3RgT/IHwR7Upv90tunjBWNtAAhGhoecHh+teRNRSinuAFmE+l7fwZ4YKkrXg==}
    engines: {node: '>= 10'}
    cpu: [arm64]
    os: [linux]
    libc: [musl]

  '@next/swc-linux-x64-gnu@16.3.3':
    resolution: {integrity: sha512-0W46zw1N3ODpI6n0GeivHvvob1pooozgZVqy65k0mh4/7vr+FbY9+WpHzNVXjHipJf/A3FDheBG19H1s5A25rA==}
    engines: {node: '>= 10'}
    cpu: [x64]
    os: [linux]
    libc: [glibc]

  '@next/swc-linux-x64-musl@16.3.3':
    resolution: {integrity: sha512-H4mBso8ZTMBPtdT0PN0pBx2ayTvQuTuvS6qT13d77yVFJXAPCxkyIhLTmdMaGTJs0krQYI/qpzdHijCeihXhbg==}
    engines: {node: '>= 10'}
    cpu: [x64]
    os: [linux]
    libc: [musl]

  '@next/swc-win32-arm64-msvc@16.3.3':
    resolution: {integrity: sha512-cTMUJpcEGmeywofCUfhR+rSsoE33+rVPnPEYNTNdLNlsOeEg/vktOsKUSTb28vUGqD2jkm4Zaskcwn7OCI6FQg==}
    engines: {node: '>= 10'}
    cpu: [arm64]
    os: [win32]

  '@next/swc-win32-x64-msvc@16.3.3':
    resolution: {integrity: sha512-2VR4cTBzHXaBjnGsuH6GyJjENzQOmHeAh11uY1iUhjm3j5dEUrVJuUj+VL78jaGi/Dik8xS76zEj18BsFhlVZQ==}
    engines: {node: '>= 10'}
    cpu: [x64]
    os: [win32]

  '@pdf-lib/standard-fonts@1.0.0':
    resolution: {integrity: sha512-hU30BK9IUN/su0Mn9VdlVKsWBS6GyhVfqjwl1FjZN4TxP6cCw0jP2w7V3Hf5uX7M0AZJ16vey9yE0ny7Sa59ZA==}

  '@pdf-lib/upng@1.0.1':
    resolution: {integrity: sha512-dQK2FUMQtowVP00mtIksrlZhdFXQZPC+taih1q4CvPZ5vqdxR/LKBaFg0oAfzd1GlHZXXSPdQfzQnt+ViGvEIQ==}

  '@supabase/auth-js@2.71.1':
    resolution: {integrity: sha512-mMIQHBRc+SKpZFRB2qtupuzulaUhFYupNyxqDj5Jp/LyPvcWvjaJzZzObv6URtL/O6lPxkanASnotGtNpS3H2Q==}

  '@supabase/functions-js@2.4.6':
    resolution: {integrity: sha512-bhjZ7rmxAibjgmzTmQBxJU6ZIBCCJTc3Uwgvdi4FewueUTAGO5hxZT1Sj6tiD+0dSXf9XI87BDdJrg12z8Uaew==}

  '@supabase/node-fetch@2.6.15':
    resolution: {integrity: sha512-1ibVeYUacxWYi9i0cf5efil6adJ9WRyZBLivgjs+AUpewx1F3xPi7gLgaASI2SmIQxPoCEjAsLAzKPgMJVgOUQ==}
    engines: {node: 4.x || >=6.0.0}

  '@supabase/postgrest-js@1.21.4':
    resolution: {integrity: sha512-TxZCIjxk6/dP9abAi89VQbWWMBbybpGWyvmIzTd79OeravM13OjR/YEYeyUOPcM1C3QyvXkvPZhUfItvmhY1IQ==}

  '@supabase/realtime-js@2.15.5':
    resolution: {integrity: sha512-/Rs5Vqu9jejRD8ZeuaWXebdkH+J7V6VySbCZ/zQM93Ta5y3mAmocjioa/nzlB6qvFmyylUgKVS1KpE212t30OA==}

  '@supabase/ssr@0.7.0':
    resolution: {integrity: sha512-G65t5EhLSJ5c8hTCcXifSL9Q/ZRXvqgXeNo+d3P56f4U1IxwTqjB64UfmfixvmMcjuxnq2yGqEWVJqUcO+AzAg==}
    peerDependencies:
      '@supabase/supabase-js': ^2.43.4

  '@supabase/storage-js@2.12.1':
    resolution: {integrity: sha512-QWg3HV6Db2J81VQx0PqLq0JDBn4Q8B1FYn1kYcbla8+d5WDmTdwwMr+EJAxNOSs9W4mhKMv+EYCpCrTFlTj4VQ==}

  '@supabase/supabase-js@2.57.4':
    resolution: {integrity: sha512-LcbTzFhHYdwfQ7TRPfol0z04rLEyHabpGYANME6wkQ/kLtKNmI+Vy+WEM8HxeOZAtByUFxoUTTLwhXmrh+CcVw==}

  '@swc/helpers@0.5.23':
    resolution: {integrity: sha512-5lSsMOTXURePglDfvuAQUqkGek9Hg2kksOYay2m0+XR++b2NWYL/4sWyuvVBIs8oKnJaxkdi9whaL/sqN13afw==}

  '@turbo/darwin-64@2.11.2':
    resolution: {integrity: sha512-0pGfE4Lpxrbd+6gUD9z025Tn4z9uMaSNZ3VX0H/hkUPZkjY5xrCa1NfTqocs09NM5NiYE3wEVcoYBadrhayRCA==}
    cpu: [x64]
    os: [darwin]

  '@turbo/darwin-arm64@2.11.2':
    resolution: {integrity: sha512-Ub7hTbu0bPSiW156ciuLCexG5/SfuZM/QWeBBh9o8P4XyKiZwKqubT6Y9DdJjdp4ZY2wS47Prdl06Xxzt0q6zw==}
    cpu: [arm64]
    os: [darwin]

  '@turbo/linux-64@2.11.2':
    resolution: {integrity: sha512-8ipdmgmvSomfQ8E9afUsefO+BLO6QMW7srrHqMOCXD3BPX4FlYqqWAJY1GvbQotZMWKzNohdVkevrUYM6ZzYKA==}
    cpu: [x64]
    os: [android, linux]

  '@turbo/linux-arm64@2.11.2':
    resolution: {integrity: sha512-tsftYXAzgc+GdosqyRP8+Zzk2evJ8ej7Otal7/DU+6GVekVZ3kqM/z7zlGuF4TSHeetWxX04KN1I64LkmvYzgg==}
    cpu: [arm64]
    os: [android, linux]

  '@turbo/windows-64@2.11.2':
    resolution: {integrity: sha512-p5LDVcGmC8W6FCrJPehr1t0ZvYqM8xvG3Va+LkwtDMK3Rl0NhSsJOYbYZVBfMbkm+9RKcCvekFCbSVtQ9Eyuqg==}
    cpu: [x64]
    os: [win32]

  '@turbo/windows-arm64@2.11.2':
    resolution: {integrity: sha512-u0M3m1aXo9lpDM/2iQhxlGzgWjHFq/MC4TqHn1YAvxk8g1wGtzRB2QBx/SLqRChhPhC29mzaB8eLcxKh/pcM1g==}
    cpu: [arm64]
    os: [win32]

  '@types/node@24.13.6':
    resolution: {integrity: sha512-SGrw/h3KPFshy3OE6ZL53LMBG5vGQQ8/gIpiqz/kRZhPJ7HgwCEs8LBuNtWLa8dvGZVpSF7+Bf+c11HUrCb/yg==}

  '@types/node@24.5.2':
    resolution: {integrity: sha512-FYxk1I7wPv3K2XBaoyH2cTnocQEu8AOZ60hPbsyukMPLv5/5qr7V1i8PLHdl6Zf87I+xZXFvPCXYjiTFq+YSDQ==}

  '@types/phoenix@1.6.7':
    resolution: {integrity: sha512-oN9ive//QSBkf19rfDv45M7eZPi0eEXylht2OLEXicu5b4KoQ1OzXIw+xDSGWxSxe1JmepRR/ZH283vsu518/Q==}

  '@types/qrcode@1.5.5':
    resolution: {integrity: sha512-CdfBi/e3Qk+3Z/fXYShipBT13OJ2fDO2Q2w5CIP5anLTLIndQG9z6P1cnm+8zCWSpm5dnxMFd/uREtb0EXuQzg==}

  '@types/react-dom@19.1.9':
    resolution: {integrity: sha512-qXRuZaOsAdXKFyOhRBg6Lqqc0yay13vN7KrIg4L7N4aaHN68ma9OK3NE1BoDFgFOTfM7zg+3/8+2n8rLUH3OKQ==}
    peerDependencies:
      '@types/react': ^19.0.0

  '@types/react@19.1.16':
    resolution: {integrity: sha512-WBM/nDbEZmDUORKnh5i1bTnAz6vTohUf9b8esSMu+b24+srbaxa04UbJgWx78CVfNXA20sNu0odEIluZDFdCog==}

  '@types/ws@8.18.1':
    resolution: {integrity: sha512-ThVF6DCVhA8kUGy+aazFQ4kXQ7E1Ty7A3ypFOe0IcJV8O/M511G99AW24irKrW56Wt44yG9+ij8FaqoBGkuBXg==}

  ansi-regex@5.0.1:
    resolution: {integrity: sha512-quJQXlTSUGL2LH9SUXo8VwsY4soanhgo6LNSm84E1LBcE8s3O0wpdiRzyR9z/ZZJMlMWv37qOOb9pdJlMUEKFQ==}
    engines: {node: '>=8'}

  ansi-styles@4.3.0:
    resolution: {integrity: sha512-zbB9rCJAT1rbjiVDb2hqKFHNYLxgtk8NURxZ3IZwD3F6NtxbXZQCnnSi1Lkx+IDohdPlFp222wVALIheZJQSEg==}
    engines: {node: '>=8'}

  baseline-browser-mapping@2.11.25:
    resolution: {integrity: sha512-gMmEShwwq7FJqMwvfRwvCl00v4kN+KOfJqXn+f4nrufak5gNHJOksd/60Dvjuz7sI8Y5WiSFBa8FEYr+zoyqCw==}
    engines: {node: '>=6.0.0'}
    hasBin: true

  buffer-from@1.1.2:
    resolution: {integrity: sha512-E+XQCRwSbaaiChtv6k6Dwgc+bx+Bs6vuKJHHl5kox/BaKbhiXzqQOwK4cO22yElGp2OCmjwVhT3HmxgyPGnJfQ==}

  camelcase@5.3.1:
    resolution: {integrity: sha512-L28STB170nwWS63UjtlEOE3dldQApaJXZkOI1uMFfzf3rRuPegHaHesyee+YxQ+W6SvRDQV6UrdOdRiR153wJg==}
    engines: {node: '>=6'}

  caniuse-lite@1.0.30001810:
    resolution: {integrity: sha512-TITQPUkaz+aVk5GL6NhOdwk1aEaNTSDPsGFWrTuhKGtjTF70jL/Oht2W4c6rXUe5fu7Ie19VIahAXHIIiWWNeg==}

  client-only@0.0.1:
    resolution: {integrity: sha512-IV3Ou0jSMzZrd3pZ48nLkT9DA7Ag1pnPzaiQhpW7c3RbcqqzvzzVu+L8gfqMp/8IM2MQtSiqaCxrrcfu8I8rMA==}

  cliui@6.0.0:
    resolution: {integrity: sha512-t6wbgtoCXvAzst7QgXxJYqPt0usEfbgQdftEPbLL/cvv6HPE5VgvqCuAIDR0NgU52ds6rFwqrgakNLrHEjCbrQ==}

  color-convert@2.0.1:
    resolution: {integrity: sha512-RRECPsj7iu/xb5oKYcsFHSppFNnsj/52OVTRKb4zP5onXwVF3zVmmToNcOfGC+CRDpfK/U584fMg38ZHCaElKQ==}
    engines: {node: '>=7.0.0'}

  color-name@1.1.4:
    resolution: {integrity: sha512-dOy+3AuW3a2wNbZHIuMZpTcgjGuLU/uBL/ubcZF9OXbDo8ff4O8yVp5Bf0efS8uEoYo5q4Fx7dY9OgQGXgAsQA==}

  combine-errors@3.0.3:
    resolution: {integrity: sha512-C8ikRNRMygCwaTx+Ek3Yr+OuZzgZjduCOfSQBjbM8V3MfgcjSTeto/GXP6PAwKvJz/v15b7GHZvx5rOlczFw/Q==}

  cookie@1.1.1:
    resolution: {integrity: sha512-ei8Aos7ja0weRpFzJnEA9UHJ/7XQmqglbRwnf2ATjcB9Wq874VKH9kfjjirM6UhU2/E5fFYadylyhFldcqSidQ==}
    engines: {node: '>=18'}

  csstype@3.2.3:
    resolution: {integrity: sha512-z1HGKcYy2xA8AGQfwrn0PAy+PB7X/GSj3UVJW9qKyn43xWa+gl5nXmU4qqLMRzWVLFC8KusUX8T/0kCiOYpAIQ==}

  custom-error-instance@2.1.1:
    resolution: {integrity: sha512-p6JFxJc3M4OTD2li2qaHkDCw9SfMw82Ldr6OC9Je1aXiGfhx2W8p3GaoeaGrPJTUN9NirTM/KTxHWMUdR1rsUg==}

  debug@4.4.3:
    resolution: {integrity: sha512-RGwwWnwQvkVfavKVt22FGLw+xYSdzARwm0ru6DhTVA3umU5hZc28V3kO4stgYryrTlLpuvgI9GiijltAjNbcqA==}
    engines: {node: '>=6.0'}
    peerDependencies:
      supports-color: '*'
    peerDependenciesMeta:
      supports-color:
        optional: true

  decamelize@1.2.0:
    resolution: {integrity: sha512-z2S+W9X73hAUUki+N+9Za2lBlun89zigOyGrsax+KUQ6wKW4ZoWpEYBkGhQjwAjjDCkWxhY0VKEhk8wzY7F5cA==}
    engines: {node: '>=0.10.0'}

  detect-libc@2.1.2:
    resolution: {integrity: sha512-Btj2BOOO83o3WyH59e8MgXsxEQVcarkUOpEYrubB0urwnN10yQ364rsiByU11nZlqWYZm05i/of7io4mzihBtQ==}
    engines: {node: '>=8'}

  dijkstrajs@1.0.3:
    resolution: {integrity: sha512-qiSlmBq9+BCdCA/L46dw8Uy93mloxsPSbwnm5yrKn2vMPiy8KyAskTF6zuV/j5BMsmOGZDPs7KjU+mjb670kfA==}

  electron@44.4.3:
    resolution: {integrity: sha512-LTpSFTB40qVCXIX5xMo+cgHI/Jjkbjw7VpB26PccEbroqOn72LBukeaDwPVo1fBYzSzs0c9iPuAucFCO7Tw81Q==}
    engines: {node: '>= 22.12.0'}
    hasBin: true

  emoji-regex@8.0.0:
    resolution: {integrity: sha512-MSjYzcWNOA0ewAHpz0MxpYFvwg6yjy1NG3xteoqz644VCo/RPgnr1/GGt+ic3iJTzQ8Eu3TdM14SawnVUmGE6A==}

  env-paths@3.0.0:
    resolution: {integrity: sha512-dtJUTepzMW3Lm/NPxRf3wP4642UWhjL2sQxc+ym2YMj1m/H2zDNQOlezafzkHwn6sMstjHTwG6iQQsctDW/b1A==}
    engines: {node: ^12.20.0 || ^14.13.1 || >=16.0.0}

  find-up@4.1.0:
    resolution: {integrity: sha512-PpOwAdQ/YlXQ2vj8a3h8IipDuYRi3wceVQQGYWxNINccq40Anw7BlsEXCMbt1Zt+OLA6Fq9suIpIWD0OsnISlw==}
    engines: {node: '>=8'}

  get-caller-file@2.0.5:
    resolution: {integrity: sha512-DyFP3BM/3YHTQOCUL/w0OZHR0lpKeGrxotcHWcqNEdnltqFwXVfhEBQ94eIo34AfQpo0rGki4cyIiftY06h2Fg==}
    engines: {node: 6.* || 8.* || >= 10.*}

  graceful-fs@4.2.11:
    resolution: {integrity: sha512-RbJ5/jmFcNNCcDV5o9eTnBLJ/HszWV0P73bc+Ff4nS/rJj+YaS6IGyiOL0VoBYX+l1Wrl3k63h/KrH+nhJ0XvQ==}

  is-fullwidth-code-point@3.0.0:
    resolution: {integrity: sha512-zymm5+u+sCsSWyD9qNaejV3DFvhCKclKdizYaJUuHA83RLjb7nSuGnddCHGv0hk+KY7BMAlsWeK4Ueg6EV6XQg==}
    engines: {node: '>=8'}

  is-stream@2.0.1:
    resolution: {integrity: sha512-hFoiJiTl63nn+kstHGBtewWSKnQLpyb155KHheA1l39uvtO9nWIop1p3udqPcUd/xbF1VLMO4n7OI6p7RbngDg==}
    engines: {node: '>=8'}

  js-base64@3.9.4:
    resolution: {integrity: sha512-PtOMXpEGuP0RRiRXsjzHzl44dMHxSu2CPvAhinupR1tBa88me+1DPqsobl7eupn5UukjLkln1ZnAOAOXOrYG0Q==}

  locate-path@5.0.0:
    resolution: {integrity: sha512-t7hw9pI+WvuwNJXwk5zVHpyhIqzg2qTlklJOf0mVxGSbe3Fp2VieZcduNYjaLDoy6p9uGpQEGWG87WpMKlNq8g==}
    engines: {node: '>=8'}

  lodash._baseiteratee@4.7.0:
    resolution: {integrity: sha512-nqB9M+wITz0BX/Q2xg6fQ8mLkyfF7MU7eE+MNBNjTHFKeKaZAPEzEg+E8LWxKWf1DQVflNEn9N49yAuqKh2mWQ==}

  lodash._basetostring@4.12.0:
    resolution: {integrity: sha512-SwcRIbyxnN6CFEEK4K1y+zuApvWdpQdBHM/swxP962s8HIxPO3alBH5t3m/dl+f4CMUug6sJb7Pww8d13/9WSw==}

  lodash._baseuniq@4.6.0:
    resolution: {integrity: sha512-Ja1YevpHZctlI5beLA7oc5KNDhGcPixFhcqSiORHNsp/1QTv7amAXzw+gu4YOvErqVlMVyIJGgtzeepCnnur0A==}

  lodash._createset@4.0.3:
    resolution: {integrity: sha512-GTkC6YMprrJZCYU3zcqZj+jkXkrXzq3IPBcF/fIPpNEAB4hZEtXU8zp/RwKOvZl43NUmwDbyRk3+ZTbeRdEBXA==}

  lodash._root@3.0.1:
    resolution: {integrity: sha512-O0pWuFSK6x4EXhM1dhZ8gchNtG7JMqBtrHdoUFUWXD7dJnNSUze1GuyQr5sOs0aCvgGeI3o/OJW8f4ca7FDxmQ==}

  lodash._stringtopath@4.8.0:
    resolution: {integrity: sha512-SXL66C731p0xPDC5LZg4wI5H+dJo/EO4KTqOMwLYCH3+FmmfAKJEZCm6ohGpI+T1xwsDsJCfL4OnhorllvlTPQ==}

  lodash.throttle@4.1.1:
    resolution: {integrity: sha512-wIkUCfVKpVsWo3JSZlc+8MB5it+2AN5W8J7YVMST30UrvcQNZ1Okbj+rbVniijTWE6FGYy4XJq/rHkas8qJMLQ==}

  lodash.uniqby@4.5.0:
    resolution: {integrity: sha512-IRt7cfTtHy6f1aRVA5n7kT8rgN3N1nH6MOWLcHfpWG2SH19E3JksLK38MktLxZDhlAjCP9jpIXkOnRXlu6oByQ==}

  ms@2.1.3:
    resolution: {integrity: sha512-6FlzubTLZG3J2a/NVCAleEhjzq5oxgHyaCU9yYXvcLsvoVaHJq/s5xXI6/XXP6tz7R9xAOtHnSO/tXtF3WRTlA==}

  nanoid@3.3.19:
    resolution: {integrity: sha512-Y2tUNy4ouw6tq5oDSKeQYGOyhkUBhNOcGV/02KC+6kd9eDGqdZd++mjMiIDilrBYvjEnCYvVtsuHCuP+okSfug==}
    engines: {node: ^10 || ^12 || ^13.7 || ^14 || >=15.0.1}
    hasBin: true

  next@16.3.3:
    resolution: {integrity: sha512-tuRTx1nQ/yVw83cwJBo9F+njGUgMn3UHQycreWHB8XsStvvAh1AthbI8/4IpKnFaF58F+iSiHejYOlMQ/eq83g==}
    engines: {node: '>=20.9.0'}
    hasBin: true
    peerDependencies:
      '@opentelemetry/api': ^1.1.0
      '@playwright/test': ^1.51.1
      babel-plugin-react-compiler: '*'
      react: ^18.2.0 || 19.0.0-rc-de68d2f4-20241204 || ^19.0.0
      react-dom: ^18.2.0 || 19.0.0-rc-de68d2f4-20241204 || ^19.0.0
      sass: ^1.3.0
    peerDependenciesMeta:
      '@opentelemetry/api':
        optional: true
      '@playwright/test':
        optional: true
      babel-plugin-react-compiler:
        optional: true
      sass:
        optional: true

  p-limit@2.3.0:
    resolution: {integrity: sha512-//88mFWSJx8lxCzwdAABTJL2MyWB12+eIY7MDL2SqLmAkeKU9qxRvWuSyTjm3FUmpBEMuFfckAIqEaVGUDxb6w==}
    engines: {node: '>=6'}

  p-locate@4.1.0:
    resolution: {integrity: sha512-R79ZZ/0wAxKGu3oYMlz8jy/kbhsNrS7SKZ7PxEHBgJ5+F2mtFW2fK2cOtBh1cHYkQsbzFV7I+EoRKe6Yt0oK7A==}
    engines: {node: '>=8'}

  p-try@2.2.0:
    resolution: {integrity: sha512-R4nPAVTAU0B9D35/Gk3uJf/7XYbQcyohSKdvAxIRSNghFl4e71hVoGnBNQz9cWaXxO2I10KTC+3jMdvvoKw6dQ==}
    engines: {node: '>=6'}

  pako@1.0.11:
    resolution: {integrity: sha512-4hLB8Py4zZce5s4yd9XzopqwVv/yGNhV1Bl8NTmCq1763HeK2+EwVTv+leGeL13Dnh2wfbqowVPXCIO0z4taYw==}

  path-exists@4.0.0:
    resolution: {integrity: sha512-ak9Qy5Q7jYb2Wwcey5Fpvg2KoAc/ZIhLSLOSBmRmygPsGwkVVt0fZa0qrtMz+m6tJTAHfZQ8FnmB4MG4LWy7/w==}
    engines: {node: '>=8'}

  pdf-lib@1.17.1:
    resolution: {integrity: sha512-V/mpyJAoTsN4cnP31vc0wfNA1+p20evqqnap0KLoRUN0Yk/p3wN52DOEsL4oBFcLdb76hlpKPtzJIgo67j/XLw==}

  picocolors@1.1.1:
    resolution: {integrity: sha512-xceH2snhtb5M9liqDsmEw56le376mTZkEX/jEb/RxNFyegNul7eNslCXP9FDj/Lcu0X8KEyMceP2ntpaHrDEVA==}

  pngjs@5.0.0:
    resolution: {integrity: sha512-40QW5YalBNfQo5yRYmiw7Yz6TKKVr3h6970B2YE+3fQpsWcrbj1PzJgxeJ19DRQjhMbKPIuMY8rFaXc8moolVw==}
    engines: {node: '>=10.13.0'}

  postcss@8.5.23:
    resolution: {integrity: sha512-g50586zr4bZmwFiTlflMu8E0bDTb5I5gertgwAKmsdUlTQIhZtunzUlD1WSzwcVWPoAVpsrA6vlfCD7oXvRwgg==}
    engines: {node: ^10 || ^12 || >=14}

  prettier@3.6.2:
    resolution: {integrity: sha512-I7AIg5boAr5R0FFtJ6rCfD+LFsWHp81dolrFD8S79U9tb8Az2nGrJncnMSnys+bpQJfRUzqs9hnA81OAA3hCuQ==}
    engines: {node: '>=14'}
    hasBin: true

  progress@2.0.3:
    resolution: {integrity: sha512-7PiHtLll5LdnKIMw100I+8xJXR5gW2QwWYkT6iJva0bXitZKa/XMrSbdmg3r2Xnaidz9Qumd0VPaMrZlF9V9sA==}
    engines: {node: '>=0.4.0'}

  proper-lockfile@4.1.2:
    resolution: {integrity: sha512-TjNPblN4BwAWMXU8s9AEz4JmQxnD1NNL7bNOY/AKUzyamc379FWASUhc/K1pL2noVb+XmZKLL68cjzLsiOAMaA==}

  qrcode@1.5.4:
    resolution: {integrity: sha512-1ca71Zgiu6ORjHqFBDpnSMTR2ReToX4l1Au1VFLyVeBTFavzQnv5JxMFr3ukHVKpSrSA2MCk0lNJSykjUfz7Zg==}
    engines: {node: '>=10.13.0'}
    hasBin: true

  querystringify@2.2.0:
    resolution: {integrity: sha512-FIqgj2EUvTa7R50u0rGsyTftzjYmv/a3hO345bZNrqabNqjtgiDMgmo4mkUjd+nzU5oF3dClKqFIPUKybUyqoQ==}

  react-dom@19.3.0:
    resolution: {integrity: sha512-JDk8dgif51OjFoDE70+OT9ICyYr+69HlmihNwp1+Nsfbna3t5sIiCa9ZJktDmQ4/1b/rn26hIAR2uYXDMr5r0Q==}
    peerDependencies:
      react: ^19.3.0

  react@19.3.0:
    resolution: {integrity: sha512-E8LUcbtBWt20bbl2YoHfx4ZDBdxVTfOKtCZn9cDSJ4l6/nuoApcpIBcj47t2wZoVX8g2ZHuMHbiShgCR1T5Sog==}
    engines: {node: '>=0.10.0'}

  require-directory@2.1.1:
    resolution: {integrity: sha512-fGxEI7+wsG9xrvdjsrlmL22OMTTiHRwAMroiEeMgq8gzoLC/PQr7RsRDSTLUg/bZAZtF+TVIkHc6/4RIKrui+Q==}
    engines: {node: '>=0.10.0'}

  require-main-filename@2.0.0:
    resolution: {integrity: sha512-NKN5kMDylKuldxYLSUfrbo5Tuzh4hd+2E8NPPX02mZtn1VuREQToYe/ZdlJy+J3uCpfaiGF05e7B8W0iXbQHmg==}

  requires-port@1.0.0:
    resolution: {integrity: sha512-KigOCHcocU3XODJxsu8i/j8T9tzT4adHiecwORRQ0ZZFcp7ahwXuRU1m+yuO90C5ZUyGeGfocHDI14M3L3yDAQ==}

  retry@0.12.0:
    resolution: {integrity: sha512-9LkiTwjUh6rT555DtE9rTX+BKByPfrMzEAtnlEtdEwr3Nkffwiihqe2bWADg+OQRjt9gl6ICdmB/ZFDCGAtSow==}
    engines: {node: '>= 4'}

  scheduler@0.28.0:
    resolution: {integrity: sha512-juorfCmIkIw8tT+p5BXSm6PJjQF/ycEYmKyzURCIt/RaZIhL+PulbQ9Yu2z1HdOJDdqDTlxA1+xKBmHXJsczAw==}

  semver@7.8.5:
    resolution: {integrity: sha512-Y7/KDsb8LjooZpwaqGyulO6DQlksgCncchHGk+sZIY4SBvUocMBEFH5Ur1fI4dV+Jvl0w6cjvucaIi40puRioA==}
    engines: {node: '>=10'}
    hasBin: true

  set-blocking@2.0.0:
    resolution: {integrity: sha512-KiKBS8AnWGEyLzofFfmvKwpdPzqiy16LvQfK3yv/fVH7Bj13/wl3JSR1J+rfgRE9q7xUJK4qvgS8raSOeLUehw==}

  sharp@0.35.4:
    resolution: {integrity: sha512-n++8XWcj+jCOr2IOl7h8LbKnGBDY4aPbmprMONBNFdn0ImXqpGVv5zliDs0V9HbmbCQLpbuo2ej9rAoOQTvMDA==}
    engines: {node: '>=20.9.0'}
    peerDependencies:
      '@types/node': '*'
    peerDependenciesMeta:
      '@types/node':
        optional: true

  signal-exit@3.0.7:
    resolution: {integrity: sha512-wnD2ZE+l+SPC/uoS0vXeE9L1+0wuaMqKlfz9AMUo38JsyLSBWSFcHR1Rri62LZc12vLr1gb3jl7iwQhgwpAbGQ==}

  source-map-js@1.2.1:
    resolution: {integrity: sha512-UXWMKhLOwVKb728IUtQPXxfYU+usdybtUrK/8uGE8CQMvrhOpwvzDBwj0QhSL7MQc7vIsISBG8VQ8+IDQxpfQA==}
    engines: {node: '>=0.10.0'}

  string-width@4.2.3:
    resolution: {integrity: sha512-wKyQRQpjJ0sIp62ErSZdGsjMJWsap5oRNihHhu6G7JVO/9jIB6UyevL+tXuOqrng8j/cxKTWyWUwvSTriiZz/g==}
    engines: {node: '>=8'}

  strip-ansi@6.0.1:
    resolution: {integrity: sha512-Y38VPSHcqkFrCpFnQ9vuSXmquuv5oXOKpGeT6aGrr3o3Gc9AlVa6JBfUSOCnbxGGZF+/0ooI7KrPuUSztUdU5A==}
    engines: {node: '>=8'}

  styled-jsx@5.1.6:
    resolution: {integrity: sha512-qSVyDTeMotdvQYoHWLNGwRFJHC+i+ZvdBRYosOFgC+Wg1vx4frN2/RG/NA7SYqqvKNLf39P2LSRA2pu6n0XYZA==}
    engines: {node: '>= 12.0.0'}
    peerDependencies:
      '@babel/core': '*'
      babel-plugin-macros: '*'
      react: '>= 16.8.0 || 17.x.x || ^18.0.0-0 || ^19.0.0-0'
    peerDependenciesMeta:
      '@babel/core':
        optional: true
      babel-plugin-macros:
        optional: true

  sumchecker@3.0.1:
    resolution: {integrity: sha512-MvjXzkz/BOfyVDkG0oFOtBxHX2u3gKbMHIF/dXblZsgD3BWOFLmHovIpZY7BykJdAjcqRCBi1WYBNdEC9yI7vg==}
    engines: {node: '>= 8.0'}

  tr46@0.0.3:
    resolution: {integrity: sha512-N3WMsuqV66lT30CrXNbEjx4GEwlow3v6rr4mCcv6prnfwhS01rkgyFdjPNBYd9br7LpXV1+Emh01fHnq2Gdgrw==}

  tslib@1.14.1:
    resolution: {integrity: sha512-Xni35NKzjgMrwevysHTCArtLDpPvye8zV/0E4EyYn43P7/7qvQwPh9BGkHewbMulVntbigmcT7rdX3BNo9wRJg==}

  tslib@2.8.1:
    resolution: {integrity: sha512-oJFu94HQb+KVduSUQL7wnpmqnfmLsOA/nAh6b6EH0wCEoK0/mPeXU6c3wKDV83MkOuHPRHtSXKKU99IBazS/2w==}

  turbo@2.11.2:
    resolution: {integrity: sha512-s0GhnWXlAAN+wb2GRMQxnZgFweRWTAceRWW/4Lk9iHj7QuLZMjDxQQqu+Xoh7Nckuy8UiSim520w6yqP2+ertw==}
    hasBin: true

  tus-js-client@4.3.1:
    resolution: {integrity: sha512-ZLeYmjrkaU1fUsKbIi8JML52uAocjEZtBx4DKjRrqzrZa0O4MYwT6db+oqePlspV+FxXJAyFBc/L5gwUi2OFsg==}
    engines: {node: '>=18'}

  typescript@5.9.2:
    resolution: {integrity: sha512-CWBzXQrc/qOkhidw1OzBTQuYRbfyxDXJMVJ1XNwUHGROVmuaeiEm3OslpZ1RV96d7SKKjZKrSJu3+t/xlw3R9A==}
    engines: {node: '>=14.17'}
    hasBin: true

  undici-types@7.12.0:
    resolution: {integrity: sha512-goOacqME2GYyOZZfb5Lgtu+1IDmAlAEu5xnD3+xTzS10hT0vzpf0SPjkXwAw9Jm+4n/mQGDP3LO8CPbYROeBfQ==}

  undici-types@7.18.2:
    resolution: {integrity: sha512-AsuCzffGHJybSaRrmr5eHr81mwJU3kjw6M+uprWvCXiNeN9SOGwQ3Jn8jb8m3Z6izVgknn1R0FTCEAP2QrLY/w==}

  undici@7.29.1:
    resolution: {integrity: sha512-RYONW2MeafgYlkVOKYKkA/Ag7BmXqgIWCa8t1m0JcxrQg9pI9lEqRhAOruOBCbAohOa/gkCF+iPi9hrgvTzu6Q==}
    engines: {node: '>=20.18.1'}

  url-parse@1.5.10:
    resolution: {integrity: sha512-WypcfiRhfeUP9vvF0j6rw0J3hrWrw6iZv3+22h6iRMJ/8z1Tj6XfLP4DsUix5MhMPnXpiHDoKyoZ/bdCkwBCiQ==}

  webidl-conversions@3.0.1:
    resolution: {integrity: sha512-2JAn3z8AR6rjK8Sm8orRC0h/bcl/DqL7tRPdGZ4I1CjdF+EaMLmYxBHyXuKL849eucPFhvBoxMsflfOb8kxaeQ==}

  whatwg-url@5.0.0:
    resolution: {integrity: sha512-saE57nupxk6v3HY35+jzBwYa0rKSy0XR8JSxZPwgLr7ys0IBzhGviA1/TUGJLmSVqs8pb9AnvICXEuOHLprYTw==}

  which-module@2.0.1:
    resolution: {integrity: sha512-iBdZ57RDvnOR9AGBhML2vFZf7h8vmBjhoaZqODJBFWHVtKkDmKuHai3cx5PgVMrX5YDNp27AofYbAwctSS+vhQ==}

  wrap-ansi@6.2.0:
    resolution: {integrity: sha512-r6lPcBGxZXlIcymEu7InxDMhdW0KDxpLgoFLcguasxCaJ/SOIZwINatK9KY/tf+ZrlywOKU0UDj3ATXUBfxJXA==}
    engines: {node: '>=8'}

  ws@8.21.3:
    resolution: {integrity: sha512-201TZ/kPWxoPr/OKWjquZR1SWKXcvxdH+e1xrx89b3YbmzLMFCLfnaG1HFIgWzJOEWZ7MvpK++odZufgYR50Rw==}
    engines: {node: '>=10.0.0'}
    peerDependencies:
      bufferutil: ^4.0.1
      utf-8-validate: '>=5.0.2'
    peerDependenciesMeta:
      bufferutil:
        optional: true
      utf-8-validate:
        optional: true

  y18n@4.0.3:
    resolution: {integrity: sha512-JKhqTOwSrqNA1NY5lSztJ1GrBiUodLMmIZuLiDaMRJ+itFd+ABVE8XBjOvIWL+rSqNDC74LCSFmlb/U4UZ4hJQ==}

  yargs-parser@18.1.3:
    resolution: {integrity: sha512-o50j0JeToy/4K6OZcaQmW6lyXXKhq7csREXcDwk2omFPJEwUNOVtJKvmDr9EI1fAJZUyZcRF7kxGBWmRXudrCQ==}
    engines: {node: '>=6'}

  yargs@15.4.1:
    resolution: {integrity: sha512-aePbxDmcYW++PaqBsJ+HYUFwCdv4LVvdnhBy78E57PIor8/OVvhMrADFFEDh8DHDFRv/O9i3lPhsENjO7QX0+A==}
    engines: {node: '>=8'}

snapshots:

  '@electron-internal/extract-zip@1.0.5': {}

  '@electron/get@5.1.0':
    dependencies:
      debug: 4.4.3
      env-paths: 3.0.0
      graceful-fs: 4.2.11
      progress: 2.0.3
      semver: 7.8.5
      sumchecker: 3.0.1
    optionalDependencies:
      undici: 7.29.1
    transitivePeerDependencies:
      - supports-color

  '@emnapi/runtime@1.11.3':
    dependencies:
      tslib: 2.8.1
    optional: true

  '@img/colour@1.1.0':
    optional: true

  '@img/sharp-darwin-arm64@0.35.4':
    optionalDependencies:
      '@img/sharp-libvips-darwin-arm64': 1.3.3
    optional: true

  '@img/sharp-darwin-x64@0.35.4':
    optionalDependencies:
      '@img/sharp-libvips-darwin-x64': 1.3.3
    optional: true

  '@img/sharp-freebsd-wasm32@0.35.4':
    dependencies:
      '@img/sharp-wasm32': 0.35.4
    optional: true

  '@img/sharp-libvips-darwin-arm64@1.3.3':
    optional: true

  '@img/sharp-libvips-darwin-x64@1.3.3':
    optional: true

  '@img/sharp-libvips-linux-arm64@1.3.3':
    optional: true

  '@img/sharp-libvips-linux-arm@1.3.3':
    optional: true

  '@img/sharp-libvips-linux-ppc64@1.3.3':
    optional: true

  '@img/sharp-libvips-linux-riscv64@1.3.3':
    optional: true

  '@img/sharp-libvips-linux-s390x@1.3.3':
    optional: true

  '@img/sharp-libvips-linux-x64@1.3.3':
    optional: true

  '@img/sharp-libvips-linuxmusl-arm64@1.3.3':
    optional: true

  '@img/sharp-libvips-linuxmusl-x64@1.3.3':
    optional: true

  '@img/sharp-linux-arm64@0.35.4':
    optionalDependencies:
      '@img/sharp-libvips-linux-arm64': 1.3.3
    optional: true

  '@img/sharp-linux-arm@0.35.4':
    optionalDependencies:
      '@img/sharp-libvips-linux-arm': 1.3.3
    optional: true

  '@img/sharp-linux-ppc64@0.35.4':
    optionalDependencies:
      '@img/sharp-libvips-linux-ppc64': 1.3.3
    optional: true

  '@img/sharp-linux-riscv64@0.35.4':
    optionalDependencies:
      '@img/sharp-libvips-linux-riscv64': 1.3.3
    optional: true

  '@img/sharp-linux-s390x@0.35.4':
    optionalDependencies:
      '@img/sharp-libvips-linux-s390x': 1.3.3
    optional: true

  '@img/sharp-linux-x64@0.35.4':
    optionalDependencies:
      '@img/sharp-libvips-linux-x64': 1.3.3
    optional: true

  '@img/sharp-linuxmusl-arm64@0.35.4':
    optionalDependencies:
      '@img/sharp-libvips-linuxmusl-arm64': 1.3.3
    optional: true

  '@img/sharp-linuxmusl-x64@0.35.4':
    optionalDependencies:
      '@img/sharp-libvips-linuxmusl-x64': 1.3.3
    optional: true

  '@img/sharp-wasm32@0.35.4':
    dependencies:
      '@emnapi/runtime': 1.11.3
    optional: true

  '@img/sharp-webcontainers-wasm32@0.35.4':
    dependencies:
      '@img/sharp-wasm32': 0.35.4
    optional: true

  '@img/sharp-win32-arm64@0.35.4':
    optional: true

  '@img/sharp-win32-ia32@0.35.4':
    optional: true

  '@img/sharp-win32-x64@0.35.4':
    optional: true

  '@next/env@16.3.3': {}

  '@next/swc-darwin-arm64@16.3.3':
    optional: true

  '@next/swc-darwin-x64@16.3.3':
    optional: true

  '@next/swc-linux-arm64-gnu@16.3.3':
    optional: true

  '@next/swc-linux-arm64-musl@16.3.3':
    optional: true

  '@next/swc-linux-x64-gnu@16.3.3':
    optional: true

  '@next/swc-linux-x64-musl@16.3.3':
    optional: true

  '@next/swc-win32-arm64-msvc@16.3.3':
    optional: true

  '@next/swc-win32-x64-msvc@16.3.3':
    optional: true

  '@pdf-lib/standard-fonts@1.0.0':
    dependencies:
      pako: 1.0.11

  '@pdf-lib/upng@1.0.1':
    dependencies:
      pako: 1.0.11

  '@supabase/auth-js@2.71.1':
    dependencies:
      '@supabase/node-fetch': 2.6.15

  '@supabase/functions-js@2.4.6':
    dependencies:
      '@supabase/node-fetch': 2.6.15

  '@supabase/node-fetch@2.6.15':
    dependencies:
      whatwg-url: 5.0.0

  '@supabase/postgrest-js@1.21.4':
    dependencies:
      '@supabase/node-fetch': 2.6.15

  '@supabase/realtime-js@2.15.5':
    dependencies:
      '@supabase/node-fetch': 2.6.15
      '@types/phoenix': 1.6.7
      '@types/ws': 8.18.1
      ws: 8.21.3
    transitivePeerDependencies:
      - bufferutil
      - utf-8-validate

  '@supabase/ssr@0.7.0(@supabase/supabase-js@2.57.4)':
    dependencies:
      '@supabase/supabase-js': 2.57.4
      cookie: 1.1.1

  '@supabase/storage-js@2.12.1':
    dependencies:
      '@supabase/node-fetch': 2.6.15

  '@supabase/supabase-js@2.57.4':
    dependencies:
      '@supabase/auth-js': 2.71.1
      '@supabase/functions-js': 2.4.6
      '@supabase/node-fetch': 2.6.15
      '@supabase/postgrest-js': 1.21.4
      '@supabase/realtime-js': 2.15.5
      '@supabase/storage-js': 2.12.1
    transitivePeerDependencies:
      - bufferutil
      - utf-8-validate

  '@swc/helpers@0.5.23':
    dependencies:
      tslib: 2.8.1

  '@turbo/darwin-64@2.11.2':
    optional: true

  '@turbo/darwin-arm64@2.11.2':
    optional: true

  '@turbo/linux-64@2.11.2':
    optional: true

  '@turbo/linux-arm64@2.11.2':
    optional: true

  '@turbo/windows-64@2.11.2':
    optional: true

  '@turbo/windows-arm64@2.11.2':
    optional: true

  '@types/node@24.13.6':
    dependencies:
      undici-types: 7.18.2

  '@types/node@24.5.2':
    dependencies:
      undici-types: 7.12.0

  '@types/phoenix@1.6.7': {}

  '@types/qrcode@1.5.5':
    dependencies:
      '@types/node': 24.5.2

  '@types/react-dom@19.1.9(@types/react@19.1.16)':
    dependencies:
      '@types/react': 19.1.16

  '@types/react@19.1.16':
    dependencies:
      csstype: 3.2.3

  '@types/ws@8.18.1':
    dependencies:
      '@types/node': 24.5.2

  ansi-regex@5.0.1: {}

  ansi-styles@4.3.0:
    dependencies:
      color-convert: 2.0.1

  baseline-browser-mapping@2.11.25: {}

  buffer-from@1.1.2: {}

  camelcase@5.3.1: {}

  caniuse-lite@1.0.30001810: {}

  client-only@0.0.1: {}

  cliui@6.0.0:
    dependencies:
      string-width: 4.2.3
      strip-ansi: 6.0.1
      wrap-ansi: 6.2.0

  color-convert@2.0.1:
    dependencies:
      color-name: 1.1.4

  color-name@1.1.4: {}

  combine-errors@3.0.3:
    dependencies:
      custom-error-instance: 2.1.1
      lodash.uniqby: 4.5.0

  cookie@1.1.1: {}

  csstype@3.2.3: {}

  custom-error-instance@2.1.1: {}

  debug@4.4.3:
    dependencies:
      ms: 2.1.3

  decamelize@1.2.0: {}

  detect-libc@2.1.2:
    optional: true

  dijkstrajs@1.0.3: {}

  electron@44.4.3:
    dependencies:
      '@electron-internal/extract-zip': 1.0.5
      '@electron/get': 5.1.0
      '@types/node': 24.13.6
    transitivePeerDependencies:
      - supports-color

  emoji-regex@8.0.0: {}

  env-paths@3.0.0: {}

  find-up@4.1.0:
    dependencies:
      locate-path: 5.0.0
      path-exists: 4.0.0

  get-caller-file@2.0.5: {}

  graceful-fs@4.2.11: {}

  is-fullwidth-code-point@3.0.0: {}

  is-stream@2.0.1: {}

  js-base64@3.9.4: {}

  locate-path@5.0.0:
    dependencies:
      p-locate: 4.1.0

  lodash._baseiteratee@4.7.0:
    dependencies:
      lodash._stringtopath: 4.8.0

  lodash._basetostring@4.12.0: {}

  lodash._baseuniq@4.6.0:
    dependencies:
      lodash._createset: 4.0.3
      lodash._root: 3.0.1

  lodash._createset@4.0.3: {}

  lodash._root@3.0.1: {}

  lodash._stringtopath@4.8.0:
    dependencies:
      lodash._basetostring: 4.12.0

  lodash.throttle@4.1.1: {}

  lodash.uniqby@4.5.0:
    dependencies:
      lodash._baseiteratee: 4.7.0
      lodash._baseuniq: 4.6.0

  ms@2.1.3: {}

  nanoid@3.3.19: {}

  next@16.3.3(@types/node@24.5.2)(react-dom@19.3.0(react@19.3.0))(react@19.3.0):
    dependencies:
      '@next/env': 16.3.3
      '@swc/helpers': 0.5.23
      baseline-browser-mapping: 2.11.25
      caniuse-lite: 1.0.30001810
      postcss: 8.5.23
      react: 19.3.0
      react-dom: 19.3.0(react@19.3.0)
      styled-jsx: 5.1.6(react@19.3.0)
    optionalDependencies:
      '@next/swc-darwin-arm64': 16.3.3
      '@next/swc-darwin-x64': 16.3.3
      '@next/swc-linux-arm64-gnu': 16.3.3
      '@next/swc-linux-arm64-musl': 16.3.3
      '@next/swc-linux-x64-gnu': 16.3.3
      '@next/swc-linux-x64-musl': 16.3.3
      '@next/swc-win32-arm64-msvc': 16.3.3
      '@next/swc-win32-x64-msvc': 16.3.3
      sharp: 0.35.4(@types/node@24.5.2)
    transitivePeerDependencies:
      - '@babel/core'
      - '@types/node'
      - babel-plugin-macros

  p-limit@2.3.0:
    dependencies:
      p-try: 2.2.0

  p-locate@4.1.0:
    dependencies:
      p-limit: 2.3.0

  p-try@2.2.0: {}

  pako@1.0.11: {}

  path-exists@4.0.0: {}

  pdf-lib@1.17.1:
    dependencies:
      '@pdf-lib/standard-fonts': 1.0.0
      '@pdf-lib/upng': 1.0.1
      pako: 1.0.11
      tslib: 1.14.1

  picocolors@1.1.1: {}

  pngjs@5.0.0: {}

  postcss@8.5.23:
    dependencies:
      nanoid: 3.3.19
      picocolors: 1.1.1
      source-map-js: 1.2.1

  prettier@3.6.2: {}

  progress@2.0.3: {}

  proper-lockfile@4.1.2:
    dependencies:
      graceful-fs: 4.2.11
      retry: 0.12.0
      signal-exit: 3.0.7

  qrcode@1.5.4:
    dependencies:
      dijkstrajs: 1.0.3
      pngjs: 5.0.0
      yargs: 15.4.1

  querystringify@2.2.0: {}

  react-dom@19.3.0(react@19.3.0):
    dependencies:
      react: 19.3.0
      scheduler: 0.28.0

  react@19.3.0: {}

  require-directory@2.1.1: {}

  require-main-filename@2.0.0: {}

  requires-port@1.0.0: {}

  retry@0.12.0: {}

  scheduler@0.28.0: {}

  semver@7.8.5: {}

  set-blocking@2.0.0: {}

  sharp@0.35.4(@types/node@24.5.2):
    dependencies:
      '@img/colour': 1.1.0
      detect-libc: 2.1.2
      semver: 7.8.5
    optionalDependencies:
      '@img/sharp-darwin-arm64': 0.35.4
      '@img/sharp-darwin-x64': 0.35.4
      '@img/sharp-freebsd-wasm32': 0.35.4
      '@img/sharp-libvips-darwin-arm64': 1.3.3
      '@img/sharp-libvips-darwin-x64': 1.3.3
      '@img/sharp-libvips-linux-arm': 1.3.3
      '@img/sharp-libvips-linux-arm64': 1.3.3
      '@img/sharp-libvips-linux-ppc64': 1.3.3
      '@img/sharp-libvips-linux-riscv64': 1.3.3
      '@img/sharp-libvips-linux-s390x': 1.3.3
      '@img/sharp-libvips-linux-x64': 1.3.3
      '@img/sharp-libvips-linuxmusl-arm64': 1.3.3
      '@img/sharp-libvips-linuxmusl-x64': 1.3.3
      '@img/sharp-linux-arm': 0.35.4
      '@img/sharp-linux-arm64': 0.35.4
      '@img/sharp-linux-ppc64': 0.35.4
      '@img/sharp-linux-riscv64': 0.35.4
      '@img/sharp-linux-s390x': 0.35.4
      '@img/sharp-linux-x64': 0.35.4
      '@img/sharp-linuxmusl-arm64': 0.35.4
      '@img/sharp-linuxmusl-x64': 0.35.4
      '@img/sharp-webcontainers-wasm32': 0.35.4
      '@img/sharp-win32-arm64': 0.35.4
      '@img/sharp-win32-ia32': 0.35.4
      '@img/sharp-win32-x64': 0.35.4
      '@types/node': 24.5.2
    optional: true

  signal-exit@3.0.7: {}

  source-map-js@1.2.1: {}

  string-width@4.2.3:
    dependencies:
      emoji-regex: 8.0.0
      is-fullwidth-code-point: 3.0.0
      strip-ansi: 6.0.1

  strip-ansi@6.0.1:
    dependencies:
      ansi-regex: 5.0.1

  styled-jsx@5.1.6(react@19.3.0):
    dependencies:
      client-only: 0.0.1
      react: 19.3.0

  sumchecker@3.0.1:
    dependencies:
      debug: 4.4.3
    transitivePeerDependencies:
      - supports-color

  tr46@0.0.3: {}

  tslib@1.14.1: {}

  tslib@2.8.1: {}

  turbo@2.11.2:
    optionalDependencies:
      '@turbo/darwin-64': 2.11.2
      '@turbo/darwin-arm64': 2.11.2
      '@turbo/linux-64': 2.11.2
      '@turbo/linux-arm64': 2.11.2
      '@turbo/windows-64': 2.11.2
      '@turbo/windows-arm64': 2.11.2

  tus-js-client@4.3.1:
    dependencies:
      buffer-from: 1.1.2
      combine-errors: 3.0.3
      is-stream: 2.0.1
      js-base64: 3.9.4
      lodash.throttle: 4.1.1
      proper-lockfile: 4.1.2
      url-parse: 1.5.10

  typescript@5.9.2: {}

  undici-types@7.12.0: {}

  undici-types@7.18.2: {}

  undici@7.29.1:
    optional: true

  url-parse@1.5.10:
    dependencies:
      querystringify: 2.2.0
      requires-port: 1.0.0

  webidl-conversions@3.0.1: {}

  whatwg-url@5.0.0:
    dependencies:
      tr46: 0.0.3
      webidl-conversions: 3.0.1

  which-module@2.0.1: {}

  wrap-ansi@6.2.0:
    dependencies:
      ansi-styles: 4.3.0
      string-width: 4.2.3
      strip-ansi: 6.0.1

  ws@8.21.3: {}

  y18n@4.0.3: {}

  yargs-parser@18.1.3:
    dependencies:
      camelcase: 5.3.1
      decamelize: 1.2.0

  yargs@15.4.1:
    dependencies:
      cliui: 6.0.0
      decamelize: 1.2.0
      find-up: 4.1.0
      get-caller-file: 2.0.5
      require-directory: 2.1.1
      require-main-filename: 2.0.0
      set-blocking: 2.0.0
      string-width: 4.2.3
      which-module: 2.0.1
      y18n: 4.0.3
      yargs-parser: 18.1.3
